{
    "name": "jexcel",
    "version": "4.3.0",
    "lockfileVersion": 1,
    "requires": true,
    "dependencies": {
        "jsuites": {
            "version": "3.3.0",
            "resolved": "https://registry.npmjs.org/jsuites/-/jsuites-3.3.0.tgz",
            "integrity": "sha512-hp4nMTZIBIEW+vPYeAtmnhc0P+fJcs0qIx2Tm5JgDpa+roZYhNLEh+nMT0dIyhQa0eEM2EVvoKoCWQiO5Scg4A=="
        }
    }
}
